<?xml version="1.0" encoding="utf-8"?>
<Project ToolsVersion="4.0" xmlns="http://schemas.microsoft.com/developer/msbuild/2003">
  <ItemGroup>
    <Filter Include="Исходные файлы">
      <UniqueIdentifier>{4FC737F1-C7A5-4376-A066-2A32D752A2FF}</UniqueIdentifier>
      <Extensions>cpp;c;cc;cxx;c++;cppm;ixx;def;odl;idl;hpj;bat;asm;asmx</Extensions>
    </Filter>
    <Filter Include="Файлы заголовков">
      <UniqueIdentifier>{93995380-89BD-4b04-88EB-625FBE52EBFB}</UniqueIdentifier>
      <Extensions>h;hh;hpp;hxx;h++;hm;inl;inc;ipp;xsd</Extensions>
    </Filter>
    <Filter Include="Файлы ресурсов">
      <UniqueIdentifier>{67DA6AB6-F800-4c08-8B7A-83BB121AAD01}</UniqueIdentifier>
      <Extensions>rc;ico;cur;bmp;dlg;rc2;rct;bin;rgs;gif;jpg;jpeg;jpe;resx;tiff;tif;png;wav;mfcribbon-ms</Extensions>
    </Filter>
    <Filter Include="Файлы заголовков\Interface">
      <UniqueIdentifier>{4de96867-b294-465a-a653-223fcee61914}</UniqueIdentifier>
    </Filter>
    <Filter Include="Файлы заголовков\Scene">
      <UniqueIdentifier>{837715d9-e106-4dbe-a3c8-00f81bee9ce9}</UniqueIdentifier>
    </Filter>
    <Filter Include="Файлы заголовков\Scene\EnumScene">
      <UniqueIdentifier>{3c0649bd-06b6-4d1e-9b0e-b351c7abb8db}</UniqueIdentifier>
    </Filter>
    <Filter Include="Файлы заголовков\Scene\Scenes">
      <UniqueIdentifier>{2994a907-c22c-45ae-9648-01da46ebb8c8}</UniqueIdentifier>
    </Filter>
    <Filter Include="Файлы заголовков\Game">
      <UniqueIdentifier>{777617b4-8ae3-4219-a834-fecefa37b9e5}</UniqueIdentifier>
    </Filter>
    <Filter Include="Файлы заголовков\Game\GameObject">
      <UniqueIdentifier>{8dc63f92-9907-4749-b6ad-7f4a7f40f96a}</UniqueIdentifier>
    </Filter>
    <Filter Include="Файлы заголовков\Game\GameObject\Brick">
      <UniqueIdentifier>{7514ce75-236c-400f-9395-0be1bef57504}</UniqueIdentifier>
    </Filter>
  </ItemGroup>
  <ItemGroup>
    <ClCompile Include="main.cpp">
      <Filter>Исходные файлы</Filter>
    </ClCompile>
    <ClCompile Include="Application.cpp">
      <Filter>Исходные файлы</Filter>
    </ClCompile>
    <ClCompile Include="SceneGame.cpp">
      <Filter>Исходные файлы</Filter>
    </ClCompile>
    <ClCompile Include="SceneFactory.cpp">
      <Filter>Исходные файлы</Filter>
    </ClCompile>
    <ClCompile Include="SceneManager.cpp">
      <Filter>Исходные файлы</Filter>
    </ClCompile>
    <ClCompile Include="Paddle.cpp">
      <Filter>Исходные файлы</Filter>
    </ClCompile>
    <ClCompile Include="Ball.cpp">
      <Filter>Исходные файлы</Filter>
    </ClCompile>
    <ClCompile Include="CollisionSystem.cpp">
      <Filter>Исходные файлы</Filter>
    </ClCompile>
    <ClCompile Include="Brick.cpp">
      <Filter>Исходные файлы</Filter>
    </ClCompile>
    <ClCompile Include="GameObject.cpp">
      <Filter>Исходные файлы</Filter>
    </ClCompile>
    <ClCompile Include="SceneQuestionYesNo.cpp">
      <Filter>Исходные файлы</Filter>
    </ClCompile>
    <ClCompile Include="WinGame.cpp">
      <Filter>Исходные файлы</Filter>
    </ClCompile>
    <ClCompile Include="BricksManager.cpp">
      <Filter>Исходные файлы</Filter>
    </ClCompile>
    <ClCompile Include="DurableBrick.cpp">
      <Filter>Исходные файлы</Filter>
    </ClCompile>
    <ClCompile Include="BrickFactory.cpp">
      <Filter>Исходные файлы</Filter>
    </ClCompile>
  </ItemGroup>
  <ItemGroup>
    <ClInclude Include="resource.h">
      <Filter>Файлы заголовков</Filter>
    </ClInclude>
    <ClInclude Include="AppSettings.h">
      <Filter>Файлы заголовков</Filter>
    </ClInclude>
    <ClInclude Include="Application.h">
      <Filter>Файлы заголовков</Filter>
    </ClInclude>
    <ClInclude Include="IScene.h">
      <Filter>Файлы заголовков\Interface</Filter>
    </ClInclude>
    <ClInclude Include="SceneRequest.h">
      <Filter>Файлы заголовков\Scene\EnumScene</Filter>
    </ClInclude>
    <ClInclude Include="SceneType.h">
      <Filter>Файлы заголовков\Scene\EnumScene</Filter>
    </ClInclude>
    <ClInclude Include="SceneCommand.h">
      <Filter>Файлы заголовков\Scene</Filter>
    </ClInclude>
    <ClInclude Include="SceneFactory.h">
      <Filter>Файлы заголовков\Scene</Filter>
    </ClInclude>
    <ClInclude Include="SceneManager.h">
      <Filter>Файлы заголовков</Filter>
    </ClInclude>
    <ClInclude Include="GameObject.h">
      <Filter>Файлы заголовков\Game\GameObject</Filter>
    </ClInclude>
    <ClInclude Include="Paddle.h">
      <Filter>Файлы заголовков\Game\GameObject</Filter>
    </ClInclude>
    <ClInclude Include="ObjectType.h">
      <Filter>Файлы заголовков\Game\GameObject</Filter>
    </ClInclude>
    <ClInclude Include="Ball.h">
      <Filter>Файлы заголовков\Game\GameObject</Filter>
    </ClInclude>
    <ClInclude Include="CollisionSystem.h">
      <Filter>Файлы заголовков\Game\GameObject</Filter>
    </ClInclude>
    <ClInclude Include="SceneGame.h">
      <Filter>Файлы заголовков\Scene\Scenes</Filter>
    </ClInclude>
    <ClInclude Include="MenuFunctionality.h">
      <Filter>Файлы заголовков\Scene</Filter>
    </ClInclude>
    <ClInclude Include="QuestionYesNo.h">
      <Filter>Файлы заголовков\Scene\EnumScene</Filter>
    </ClInclude>
    <ClInclude Include="SceneQuestionYesNo.h">
      <Filter>Файлы заголовков\Scene\Scenes</Filter>
    </ClInclude>
    <ClInclude Include="WinGame.h">
      <Filter>Файлы заголовков\Scene\Scenes</Filter>
    </ClInclude>
    <ClInclude Include="Brick.h">
      <Filter>Файлы заголовков\Game\GameObject\Brick</Filter>
    </ClInclude>
    <ClInclude Include="BricksManager.h">
      <Filter>Файлы заголовков\Game\GameObject\Brick</Filter>
    </ClInclude>
    <ClInclude Include="DurableBrick.h">
      <Filter>Файлы заголовков\Game\GameObject\Brick</Filter>
    </ClInclude>
    <ClInclude Include="BrickFactory.h">
      <Filter>Файлы заголовков\Game\GameObject\Brick</Filter>
    </ClInclude>
    <ClInclude Include="BrickType.h">
      <Filter>Файлы заголовков\Game\GameObject\Brick</Filter>
    </ClInclude>
  </ItemGroup>
  <ItemGroup>
    <ResourceCompile Include="Arkanoid.rc">
      <Filter>Файлы ресурсов</Filter>
    </ResourceCompile>
  </ItemGroup>
</Project>