<?xml version="1.0" encoding="utf-8"?>
<Project ToolsVersion="4.0" xmlns="http://schemas.microsoft.com/developer/msbuild/2003">
  <ItemGroup>
    <Filter Include="Исходные файлы">
      <UniqueIdentifier>{4FC737F1-C7A5-4376-A066-2A32D752A2FF}</UniqueIdentifier>
      <Extensions>cpp;c;cc;cxx;c++;cppm;ixx;def;odl;idl;hpj;bat;asm;asmx</Extensions>
    </Filter>
    <Filter Include="Файлы заголовков">
      <UniqueIdentifier>{93995380-89BD-4b04-88EB-625FBE52EBFB}</UniqueIdentifier>
      <Extensions>h;hh;hpp;hxx;h++;hm;inl;inc;ipp;xsd</Extensions>
    </Filter>
    <Filter Include="Файлы ресурсов">
      <UniqueIdentifier>{67DA6AB6-F800-4c08-8B7A-83BB121AAD01}</UniqueIdentifier>
      <Extensions>rc;ico;cur;bmp;dlg;rc2;rct;bin;rgs;gif;jpg;jpeg;jpe;resx;tiff;tif;png;wav;mfcribbon-ms</Extensions>
    </Filter>
    <Filter Include="Файлы заголовков\Interface">
      <UniqueIdentifier>{4de96867-b294-465a-a653-223fcee61914}</UniqueIdentifier>
    </Filter>
    <Filter Include="Файлы заголовков\Scene">
      <UniqueIdentifier>{837715d9-e106-4dbe-a3c8-00f81bee9ce9}</UniqueIdentifier>
    </Filter>
    <Filter Include="Файлы заголовков\Scene\EnumScene">
      <UniqueIdentifier>{3c0649bd-06b6-4d1e-9b0e-b351c7abb8db}</UniqueIdentifier>
    </Filter>
    <Filter Include="Файлы заголовков\Scene\Scenes">
      <UniqueIdentifier>{2994a907-c22c-45ae-9648-01da46ebb8c8}</UniqueIdentifier>
    </Filter>
    <Filter Include="Файлы заголовков\Game">
      <UniqueIdentifier>{777617b4-8ae3-4219-a834-fecefa37b9e5}</UniqueIdentifier>
    </Filter>
    <Filter Include="Файлы заголовков\Game\GameObject">
      <UniqueIdentifier>{8dc63f92-9907-4749-b6ad-7f4a7f40f96a}</UniqueIdentifier>
    </Filter>
    <Filter Include="Файлы заголовков\Game\GameObject\Brick">
      <UniqueIdentifier>{7514ce75-236c-400f-9395-0be1bef57504}</UniqueIdentifier>
    </Filter>
    <Filter Include="Файлы заголовков\Game\GameObject\DTO">
      <UniqueIdentifier>{5ef59919-ebce-4dce-a43f-f2152b05d551}</UniqueIdentifier>
    </Filter>
    <Filter Include="Файлы заголовков\Game\GameObject\Bonus">
      <UniqueIdentifier>{da436b66-005c-4b06-ba0d-c3453d47da41}</UniqueIdentifier>
    </Filter>
    <Filter Include="Файлы заголовков\Game\GameObject\Event">
      <UniqueIdentifier>{bd4d7cc5-a15c-458c-9c5a-aa634142a04a}</UniqueIdentifier>
    </Filter>
    <Filter Include="Файлы заголовков\Game\GameObject\Ball">
      <UniqueIdentifier>{7b6b9ebd-f91b-4390-9d73-18177136c6c5}</UniqueIdentifier>
    </Filter>
    <Filter Include="Файлы заголовков\Game\GameObject\Ball\Strategy">
      <UniqueIdentifier>{744788eb-d5a1-4198-ad91-d8903d8cde9c}</UniqueIdentifier>
    </Filter>
    <Filter Include="Файлы заголовков\Game\GameObject\Effects">
      <UniqueIdentifier>{f1377130-f04b-409b-8220-3fc91119bdc3}</UniqueIdentifier>
    </Filter>
    <Filter Include="Файлы заголовков\Game\GameObject\Paddle">
      <UniqueIdentifier>{95e45684-5ca0-42a2-928c-b6d47b43a1ff}</UniqueIdentifier>
    </Filter>
  </ItemGroup>
  <ItemGroup>
    <ClCompile Include="main.cpp">
      <Filter>Исходные файлы</Filter>
    </ClCompile>
    <ClCompile Include="Application.cpp">
      <Filter>Исходные файлы</Filter>
    </ClCompile>
    <ClCompile Include="SceneGame.cpp">
      <Filter>Исходные файлы</Filter>
    </ClCompile>
    <ClCompile Include="SceneFactory.cpp">
      <Filter>Исходные файлы</Filter>
    </ClCompile>
    <ClCompile Include="SceneManager.cpp">
      <Filter>Исходные файлы</Filter>
    </ClCompile>
    <ClCompile Include="Paddle.cpp">
      <Filter>Исходные файлы</Filter>
    </ClCompile>
    <ClCompile Include="Ball.cpp">
      <Filter>Исходные файлы</Filter>
    </ClCompile>
    <ClCompile Include="CollisionSystem.cpp">
      <Filter>Исходные файлы</Filter>
    </ClCompile>
    <ClCompile Include="Brick.cpp">
      <Filter>Исходные файлы</Filter>
    </ClCompile>
    <ClCompile Include="GameObject.cpp">
      <Filter>Исходные файлы</Filter>
    </ClCompile>
    <ClCompile Include="SceneQuestionYesNo.cpp">
      <Filter>Исходные файлы</Filter>
    </ClCompile>
    <ClCompile Include="WinGame.cpp">
      <Filter>Исходные файлы</Filter>
    </ClCompile>
    <ClCompile Include="BricksManager.cpp">
      <Filter>Исходные файлы</Filter>
    </ClCompile>
    <ClCompile Include="DurableBrick.cpp">
      <Filter>Исходные файлы</Filter>
    </ClCompile>
    <ClCompile Include="BrickFactory.cpp">
      <Filter>Исходные файлы</Filter>
    </ClCompile>
    <ClCompile Include="ScoreSystem.cpp">
      <Filter>Исходные файлы</Filter>
    </ClCompile>
    <ClCompile Include="SaveSystem.cpp">
      <Filter>Исходные файлы</Filter>
    </ClCompile>
    <ClCompile Include="NormalCollisionStrategy.cpp">
      <Filter>Исходные файлы</Filter>
    </ClCompile>
    <ClCompile Include="StandartBonus.cpp">
      <Filter>Исходные файлы</Filter>
    </ClCompile>
    <ClCompile Include="FireCollisionStrategy.cpp">
      <Filter>Исходные файлы</Filter>
    </ClCompile>
    <ClCompile Include="EffectFactory.cpp">
      <Filter>Исходные файлы</Filter>
    </ClCompile>
    <ClCompile Include="FireBallEffect.cpp">
      <Filter>Исходные файлы</Filter>
    </ClCompile>
    <ClCompile Include="PaddleStateEffect.cpp">
      <Filter>Исходные файлы</Filter>
    </ClCompile>
    <ClCompile Include="RecordSystem.cpp">
      <Filter>Исходные файлы</Filter>
    </ClCompile>
    <ClCompile Include="GameOver.cpp">
      <Filter>Исходные файлы</Filter>
    </ClCompile>
  </ItemGroup>
  <ItemGroup>
    <ClInclude Include="resource.h">
      <Filter>Файлы заголовков</Filter>
    </ClInclude>
    <ClInclude Include="AppSettings.h">
      <Filter>Файлы заголовков</Filter>
    </ClInclude>
    <ClInclude Include="Application.h">
      <Filter>Файлы заголовков</Filter>
    </ClInclude>
    <ClInclude Include="IScene.h">
      <Filter>Файлы заголовков\Interface</Filter>
    </ClInclude>
    <ClInclude Include="SceneRequest.h">
      <Filter>Файлы заголовков\Scene\EnumScene</Filter>
    </ClInclude>
    <ClInclude Include="SceneType.h">
      <Filter>Файлы заголовков\Scene\EnumScene</Filter>
    </ClInclude>
    <ClInclude Include="SceneCommand.h">
      <Filter>Файлы заголовков\Scene</Filter>
    </ClInclude>
    <ClInclude Include="SceneFactory.h">
      <Filter>Файлы заголовков\Scene</Filter>
    </ClInclude>
    <ClInclude Include="GameObject.h">
      <Filter>Файлы заголовков\Game\GameObject</Filter>
    </ClInclude>
    <ClInclude Include="ObjectType.h">
      <Filter>Файлы заголовков\Game\GameObject</Filter>
    </ClInclude>
    <ClInclude Include="CollisionSystem.h">
      <Filter>Файлы заголовков\Game\GameObject</Filter>
    </ClInclude>
    <ClInclude Include="SceneGame.h">
      <Filter>Файлы заголовков\Scene\Scenes</Filter>
    </ClInclude>
    <ClInclude Include="MenuFunctionality.h">
      <Filter>Файлы заголовков\Scene</Filter>
    </ClInclude>
    <ClInclude Include="QuestionYesNo.h">
      <Filter>Файлы заголовков\Scene\EnumScene</Filter>
    </ClInclude>
    <ClInclude Include="SceneQuestionYesNo.h">
      <Filter>Файлы заголовков\Scene\Scenes</Filter>
    </ClInclude>
    <ClInclude Include="WinGame.h">
      <Filter>Файлы заголовков\Scene\Scenes</Filter>
    </ClInclude>
    <ClInclude Include="Brick.h">
      <Filter>Файлы заголовков\Game\GameObject\Brick</Filter>
    </ClInclude>
    <ClInclude Include="BricksManager.h">
      <Filter>Файлы заголовков\Game\GameObject\Brick</Filter>
    </ClInclude>
    <ClInclude Include="DurableBrick.h">
      <Filter>Файлы заголовков\Game\GameObject\Brick</Filter>
    </ClInclude>
    <ClInclude Include="BrickFactory.h">
      <Filter>Файлы заголовков\Game\GameObject\Brick</Filter>
    </ClInclude>
    <ClInclude Include="BrickType.h">
      <Filter>Файлы заголовков\Game\GameObject\Brick</Filter>
    </ClInclude>
    <ClInclude Include="IObserver.h">
      <Filter>Файлы заголовков\Interface</Filter>
    </ClInclude>
    <ClInclude Include="ScoreSystem.h">
      <Filter>Файлы заголовков\Game</Filter>
    </ClInclude>
    <ClInclude Include="Subject.h">
      <Filter>Файлы заголовков\Game\GameObject</Filter>
    </ClInclude>
    <ClInclude Include="SceneManager.h">
      <Filter>Файлы заголовков\Scene</Filter>
    </ClInclude>
    <ClInclude Include="BrickData.h">
      <Filter>Файлы заголовков\Game\GameObject\DTO</Filter>
    </ClInclude>
    <ClInclude Include="GameState.h">
      <Filter>Файлы заголовков\Game\GameObject\DTO</Filter>
    </ClInclude>
    <ClInclude Include="SaveSystem.h">
      <Filter>Файлы заголовков\Game</Filter>
    </ClInclude>
    <ClInclude Include="IBonus.h">
      <Filter>Файлы заголовков\Interface</Filter>
    </ClInclude>
    <ClInclude Include="GameContext.h">
      <Filter>Файлы заголовков\Game\GameObject\DTO</Filter>
    </ClInclude>
    <ClInclude Include="IEffect.h">
      <Filter>Файлы заголовков\Interface</Filter>
    </ClInclude>
    <ClInclude Include="IBrickObserver.h">
      <Filter>Файлы заголовков\Interface</Filter>
    </ClInclude>
    <ClInclude Include="BrickDestroyedEvent.h">
      <Filter>Файлы заголовков\Game\GameObject\Event</Filter>
    </ClInclude>
    <ClInclude Include="Ball.h">
      <Filter>Файлы заголовков\Game\GameObject\Ball</Filter>
    </ClInclude>
    <ClInclude Include="NormalCollisionStrategy.h">
      <Filter>Файлы заголовков\Game\GameObject\Ball\Strategy</Filter>
    </ClInclude>
    <ClInclude Include="IBallCollisionStrategy.h">
      <Filter>Файлы заголовков\Interface</Filter>
    </ClInclude>
    <ClInclude Include="StandartBonus.h">
      <Filter>Файлы заголовков\Game\GameObject\Bonus</Filter>
    </ClInclude>
    <ClInclude Include="FireCollisionStrategy.h">
      <Filter>Файлы заголовков\Game\GameObject\Ball\Strategy</Filter>
    </ClInclude>
    <ClInclude Include="EffectType.h">
      <Filter>Файлы заголовков\Game\GameObject\Effects</Filter>
    </ClInclude>
    <ClInclude Include="EffectFactory.h">
      <Filter>Файлы заголовков\Game\GameObject\Effects</Filter>
    </ClInclude>
    <ClInclude Include="FireBallEffect.h">
      <Filter>Файлы заголовков\Game\GameObject\Effects</Filter>
    </ClInclude>
    <ClInclude Include="Paddle.h">
      <Filter>Файлы заголовков\Game\GameObject\Paddle</Filter>
    </ClInclude>
    <ClInclude Include="PaddleState.h">
      <Filter>Файлы заголовков\Game\GameObject\Paddle</Filter>
    </ClInclude>
    <ClInclude Include="PaddleStateEffect.h">
      <Filter>Файлы заголовков\Game\GameObject\Effects</Filter>
    </ClInclude>
    <ClInclude Include="RecordSystem.h">
      <Filter>Файлы заголовков</Filter>
    </ClInclude>
    <ClInclude Include="Record.h">
      <Filter>Файлы заголовков\Game\GameObject\DTO</Filter>
    </ClInclude>
    <ClInclude Include="GameOver.h">
      <Filter>Файлы заголовков\Scene\Scenes</Filter>
    </ClInclude>
  </ItemGroup>
  <ItemGroup>
    <ResourceCompile Include="Arkanoid.rc">
      <Filter>Файлы ресурсов</Filter>
    </ResourceCompile>
  </ItemGroup>
</Project>